lockfileVersion: '9.0'

settings:
  autoInstallPeers: true
  excludeLinksFromLockfile: false

importers:

  .:
    dependencies:
      typescript:
        specifier: ^5.0.0
        version: 5.9.2
    devDependencies:
      '@biomejs/biome':
        specifier: ^2.2.4
        version: 2.2.4
      '@rollup/plugin-commonjs':
        specifier: ^28.0.6
        version: 28.0.6(rollup@4.52.2)
      '@rollup/plugin-node-resolve':
        specifier: ^16.0.1
        version: 16.0.1(rollup@4.52.2)
      '@rollup/plugin-terser':
        specifier: ^0.4.4
        version: 0.4.4(rollup@4.52.2)
      '@rollup/plugin-typescript':
        specifier: ^12.1.4
        version: 12.1.4(rollup@4.52.2)(tslib@2.8.1)(typescript@5.9.2)
      mathjax-full:
        specifier: ^3.2.2
        version: 3.2.2
      rollup:
        specifier: ^4.52.2
        version: 4.52.2
      tslib:
        specifier: ^2.8.1
        version: 2.8.1

packages:

  '@biomejs/biome@2.2.4':
    resolution: {integrity: sha512-TBHU5bUy/Ok6m8c0y3pZiuO/BZoY/OcGxoLlrfQof5s8ISVwbVBdFINPQZyFfKwil8XibYWb7JMwnT8wT4WVPg==}
    engines: {node: '>=14.21.3'}
    hasBin: true

  '@biomejs/cli-darwin-arm64@2.2.4':
    resolution: {integrity: sha512-RJe2uiyaloN4hne4d2+qVj3d3gFJFbmrr5PYtkkjei1O9c+BjGXgpUPVbi8Pl8syumhzJjFsSIYkcLt2VlVLMA==}
    engines: {node: '>=14.21.3'}
    cpu: [arm64]
    os: [darwin]

  '@biomejs/cli-darwin-x64@2.2.4':
    resolution: {integrity: sha512-cFsdB4ePanVWfTnPVaUX+yr8qV8ifxjBKMkZwN7gKb20qXPxd/PmwqUH8mY5wnM9+U0QwM76CxFyBRJhC9tQwg==}
    engines: {node: '>=14.21.3'}
    cpu: [x64]
    os: [darwin]

  '@biomejs/cli-linux-arm64-musl@2.2.4':
    resolution: {integrity: sha512-7TNPkMQEWfjvJDaZRSkDCPT/2r5ESFPKx+TEev+I2BXDGIjfCZk2+b88FOhnJNHtksbOZv8ZWnxrA5gyTYhSsQ==}
    engines: {node: '>=14.21.3'}
    cpu: [arm64]
    os: [linux]

  '@biomejs/cli-linux-arm64@2.2.4':
    resolution: {integrity: sha512-M/Iz48p4NAzMXOuH+tsn5BvG/Jb07KOMTdSVwJpicmhN309BeEyRyQX+n1XDF0JVSlu28+hiTQ2L4rZPvu7nMw==}
    engines: {node: '>=14.21.3'}
    cpu: [arm64]
    os: [linux]

  '@biomejs/cli-linux-x64-musl@2.2.4':
    resolution: {integrity: sha512-m41nFDS0ksXK2gwXL6W6yZTYPMH0LughqbsxInSKetoH6morVj43szqKx79Iudkp8WRT5SxSh7qVb8KCUiewGg==}
    engines: {node: '>=14.21.3'}
    cpu: [x64]
    os: [linux]

  '@biomejs/cli-linux-x64@2.2.4':
    resolution: {integrity: sha512-orr3nnf2Dpb2ssl6aihQtvcKtLySLta4E2UcXdp7+RTa7mfJjBgIsbS0B9GC8gVu0hjOu021aU8b3/I1tn+pVQ==}
    engines: {node: '>=14.21.3'}
    cpu: [x64]
    os: [linux]

  '@biomejs/cli-win32-arm64@2.2.4':
    resolution: {integrity: sha512-NXnfTeKHDFUWfxAefa57DiGmu9VyKi0cDqFpdI+1hJWQjGJhJutHPX0b5m+eXvTKOaf+brU+P0JrQAZMb5yYaQ==}
    engines: {node: '>=14.21.3'}
    cpu: [arm64]
    os: [win32]

  '@biomejs/cli-win32-x64@2.2.4':
    resolution: {integrity: sha512-3Y4V4zVRarVh/B/eSHczR4LYoSVyv3Dfuvm3cWs5w/HScccS0+Wt/lHOcDTRYeHjQmMYVC3rIRWqyN2EI52+zg==}
    engines: {node: '>=14.21.3'}
    cpu: [x64]
    os: [win32]

  '@jridgewell/gen-mapping@0.3.13':
    resolution: {integrity: sha512-2kkt/7niJ6MgEPxF0bYdQ6etZaA+fQvDcLKckhy1yIQOzaoKjBBjSj63/aLVjYE3qhRt5dvM+uUyfCg6UKCBbA==}

  '@jridgewell/resolve-uri@3.1.2':
    resolution: {integrity: sha512-bRISgCIjP20/tbWSPWMEi54QVPRZExkuD9lJL+UIxUKtwVJA8wW1Trb1jMs1RFXo1CBTNZ/5hpC9QvmKWdopKw==}
    engines: {node: '>=6.0.0'}

  '@jridgewell/source-map@0.3.11':
    resolution: {integrity: sha512-ZMp1V8ZFcPG5dIWnQLr3NSI1MiCU7UETdS/A0G8V/XWHvJv3ZsFqutJn1Y5RPmAPX6F3BiE397OqveU/9NCuIA==}

  '@jridgewell/sourcemap-codec@1.5.5':
    resolution: {integrity: sha512-cYQ9310grqxueWbl+WuIUIaiUaDcj7WOq5fVhEljNVgRfOUhY9fy2zTvfoqWsnebh8Sl70VScFbICvJnLKB0Og==}

  '@jridgewell/trace-mapping@0.3.31':
    resolution: {integrity: sha512-zzNR+SdQSDJzc8joaeP8QQoCQr8NuYx2dIIytl1QeBEZHJ9uW6hebsrYgbz8hJwUQao3TWCMtmfV8Nu1twOLAw==}

  '@rollup/plugin-commonjs@28.0.6':
    resolution: {integrity: sha512-XSQB1K7FUU5QP+3lOQmVCE3I0FcbbNvmNT4VJSj93iUjayaARrTQeoRdiYQoftAJBLrR9t2agwAd3ekaTgHNlw==}
    engines: {node: '>=16.0.0 || 14 >= 14.17'}
    peerDependencies:
      rollup: ^2.68.0||^3.0.0||^4.0.0
    peerDependenciesMeta:
      rollup:
        optional: true

  '@rollup/plugin-node-resolve@16.0.1':
    resolution: {integrity: sha512-tk5YCxJWIG81umIvNkSod2qK5KyQW19qcBF/B78n1bjtOON6gzKoVeSzAE8yHCZEDmqkHKkxplExA8KzdJLJpA==}
    engines: {node: '>=14.0.0'}
    peerDependencies:
      rollup: ^2.78.0||^3.0.0||^4.0.0
    peerDependenciesMeta:
      rollup:
        optional: true

  '@rollup/plugin-terser@0.4.4':
    resolution: {integrity: sha512-XHeJC5Bgvs8LfukDwWZp7yeqin6ns8RTl2B9avbejt6tZqsqvVoWI7ZTQrcNsfKEDWBTnTxM8nMDkO2IFFbd0A==}
    engines: {node: '>=14.0.0'}
    peerDependencies:
      rollup: ^2.0.0||^3.0.0||^4.0.0
    peerDependenciesMeta:
      rollup:
        optional: true

  '@rollup/plugin-typescript@12.1.4':
    resolution: {integrity: sha512-s5Hx+EtN60LMlDBvl5f04bEiFZmAepk27Q+mr85L/00zPDn1jtzlTV6FWn81MaIwqfWzKxmOJrBWHU6vtQyedQ==}
    engines: {node: '>=14.0.0'}
    peerDependencies:
      rollup: ^2.14.0||^3.0.0||^4.0.0
      tslib: '*'
      typescript: '>=3.7.0'
    peerDependenciesMeta:
      rollup:
        optional: true
      tslib:
        optional: true

  '@rollup/pluginutils@5.3.0':
    resolution: {integrity: sha512-5EdhGZtnu3V88ces7s53hhfK5KSASnJZv8Lulpc04cWO3REESroJXg73DFsOmgbU2BhwV0E20bu2IDZb3VKW4Q==}
    engines: {node: '>=14.0.0'}
    peerDependencies:
      rollup: ^1.20.0||^2.0.0||^3.0.0||^4.0.0
    peerDependenciesMeta:
      rollup:
        optional: true

  '@rollup/rollup-android-arm-eabi@4.52.2':
    resolution: {integrity: sha512-o3pcKzJgSGt4d74lSZ+OCnHwkKBeAbFDmbEm5gg70eA8VkyCuC/zV9TwBnmw6VjDlRdF4Pshfb+WE9E6XY1PoQ==}
    cpu: [arm]
    os: [android]

  '@rollup/rollup-android-arm64@4.52.2':
    resolution: {integrity: sha512-cqFSWO5tX2vhC9hJTK8WAiPIm4Q8q/cU8j2HQA0L3E1uXvBYbOZMhE2oFL8n2pKB5sOCHY6bBuHaRwG7TkfJyw==}
    cpu: [arm64]
    os: [android]

  '@rollup/rollup-darwin-arm64@4.52.2':
    resolution: {integrity: sha512-vngduywkkv8Fkh3wIZf5nFPXzWsNsVu1kvtLETWxTFf/5opZmflgVSeLgdHR56RQh71xhPhWoOkEBvbehwTlVA==}
    cpu: [arm64]
    os: [darwin]

  '@rollup/rollup-darwin-x64@4.52.2':
    resolution: {integrity: sha512-h11KikYrUCYTrDj6h939hhMNlqU2fo/X4NB0OZcys3fya49o1hmFaczAiJWVAFgrM1NCP6RrO7lQKeVYSKBPSQ==}
    cpu: [x64]
    os: [darwin]

  '@rollup/rollup-freebsd-arm64@4.52.2':
    resolution: {integrity: sha512-/eg4CI61ZUkLXxMHyVlmlGrSQZ34xqWlZNW43IAU4RmdzWEx0mQJ2mN/Cx4IHLVZFL6UBGAh+/GXhgvGb+nVxw==}
    cpu: [arm64]
    os: [freebsd]

  '@rollup/rollup-freebsd-x64@4.52.2':
    resolution: {integrity: sha512-QOWgFH5X9+p+S1NAfOqc0z8qEpJIoUHf7OWjNUGOeW18Mx22lAUOiA9b6r2/vpzLdfxi/f+VWsYjUOMCcYh0Ng==}
    cpu: [x64]
    os: [freebsd]

  '@rollup/rollup-linux-arm-gnueabihf@4.52.2':
    resolution: {integrity: sha512-kDWSPafToDd8LcBYd1t5jw7bD5Ojcu12S3uT372e5HKPzQt532vW+rGFFOaiR0opxePyUkHrwz8iWYEyH1IIQA==}
    cpu: [arm]
    os: [linux]

  '@rollup/rollup-linux-arm-musleabihf@4.52.2':
    resolution: {integrity: sha512-gKm7Mk9wCv6/rkzwCiUC4KnevYhlf8ztBrDRT9g/u//1fZLapSRc+eDZj2Eu2wpJ+0RzUKgtNijnVIB4ZxyL+w==}
    cpu: [arm]
    os: [linux]

  '@rollup/rollup-linux-arm64-gnu@4.52.2':
    resolution: {integrity: sha512-66lA8vnj5mB/rtDNwPgrrKUOtCLVQypkyDa2gMfOefXK6rcZAxKLO9Fy3GkW8VkPnENv9hBkNOFfGLf6rNKGUg==}
    cpu: [arm64]
    os: [linux]

  '@rollup/rollup-linux-arm64-musl@4.52.2':
    resolution: {integrity: sha512-s+OPucLNdJHvuZHuIz2WwncJ+SfWHFEmlC5nKMUgAelUeBUnlB4wt7rXWiyG4Zn07uY2Dd+SGyVa9oyLkVGOjA==}
    cpu: [arm64]
    os: [linux]

  '@rollup/rollup-linux-loong64-gnu@4.52.2':
    resolution: {integrity: sha512-8wTRM3+gVMDLLDdaT6tKmOE3lJyRy9NpJUS/ZRWmLCmOPIJhVyXwjBo+XbrrwtV33Em1/eCTd5TuGJm4+DmYjw==}
    cpu: [loong64]
    os: [linux]

  '@rollup/rollup-linux-ppc64-gnu@4.52.2':
    resolution: {integrity: sha512-6yqEfgJ1anIeuP2P/zhtfBlDpXUb80t8DpbYwXQ3bQd95JMvUaqiX+fKqYqUwZXqdJDd8xdilNtsHM2N0cFm6A==}
    cpu: [ppc64]
    os: [linux]

  '@rollup/rollup-linux-riscv64-gnu@4.52.2':
    resolution: {integrity: sha512-sshYUiYVSEI2B6dp4jMncwxbrUqRdNApF2c3bhtLAU0qA8Lrri0p0NauOsTWh3yCCCDyBOjESHMExonp7Nzc0w==}
    cpu: [riscv64]
    os: [linux]

  '@rollup/rollup-linux-riscv64-musl@4.52.2':
    resolution: {integrity: sha512-duBLgd+3pqC4MMwBrKkFxaZerUxZcYApQVC5SdbF5/e/589GwVvlRUnyqMFbM8iUSb1BaoX/3fRL7hB9m2Pj8Q==}
    cpu: [riscv64]
    os: [linux]

  '@rollup/rollup-linux-s390x-gnu@4.52.2':
    resolution: {integrity: sha512-tzhYJJidDUVGMgVyE+PmxENPHlvvqm1KILjjZhB8/xHYqAGeizh3GBGf9u6WdJpZrz1aCpIIHG0LgJgH9rVjHQ==}
    cpu: [s390x]
    os: [linux]

  '@rollup/rollup-linux-x64-gnu@4.52.2':
    resolution: {integrity: sha512-opH8GSUuVcCSSyHHcl5hELrmnk4waZoVpgn/4FDao9iyE4WpQhyWJ5ryl5M3ocp4qkRuHfyXnGqg8M9oKCEKRA==}
    cpu: [x64]
    os: [linux]

  '@rollup/rollup-linux-x64-musl@4.52.2':
    resolution: {integrity: sha512-LSeBHnGli1pPKVJ79ZVJgeZWWZXkEe/5o8kcn23M8eMKCUANejchJbF/JqzM4RRjOJfNRhKJk8FuqL1GKjF5oQ==}
    cpu: [x64]
    os: [linux]

  '@rollup/rollup-openharmony-arm64@4.52.2':
    resolution: {integrity: sha512-uPj7MQ6/s+/GOpolavm6BPo+6CbhbKYyZHUDvZ/SmJM7pfDBgdGisFX3bY/CBDMg2ZO4utfhlApkSfZ92yXw7Q==}
    cpu: [arm64]
    os: [openharmony]

  '@rollup/rollup-win32-arm64-msvc@4.52.2':
    resolution: {integrity: sha512-Z9MUCrSgIaUeeHAiNkm3cQyst2UhzjPraR3gYYfOjAuZI7tcFRTOD+4cHLPoS/3qinchth+V56vtqz1Tv+6KPA==}
    cpu: [arm64]
    os: [win32]

  '@rollup/rollup-win32-ia32-msvc@4.52.2':
    resolution: {integrity: sha512-+GnYBmpjldD3XQd+HMejo+0gJGwYIOfFeoBQv32xF/RUIvccUz20/V6Otdv+57NE70D5pa8W/jVGDoGq0oON4A==}
    cpu: [ia32]
    os: [win32]

  '@rollup/rollup-win32-x64-gnu@4.52.2':
    resolution: {integrity: sha512-ApXFKluSB6kDQkAqZOKXBjiaqdF1BlKi+/eqnYe9Ee7U2K3pUDKsIyr8EYm/QDHTJIM+4X+lI0gJc3TTRhd+dA==}
    cpu: [x64]
    os: [win32]

  '@rollup/rollup-win32-x64-msvc@4.52.2':
    resolution: {integrity: sha512-ARz+Bs8kY6FtitYM96PqPEVvPXqEZmPZsSkXvyX19YzDqkCaIlhCieLLMI5hxO9SRZ2XtCtm8wxhy0iJ2jxNfw==}
    cpu: [x64]
    os: [win32]

  '@types/estree@1.0.8':
    resolution: {integrity: sha512-dWHzHa2WqEXI/O1E9OjrocMTKJl2mSrEolh1Iomrv6U+JuNwaHXsXx9bLu5gG7BUWFIN0skIQJQ/L1rIex4X6w==}

  '@types/resolve@1.20.2':
    resolution: {integrity: sha512-60BCwRFOZCQhDncwQdxxeOEEkbc5dIMccYLwbxsS4TUNeVECQ/pBJ0j09mrHOl/JJvpRPGwO9SvE4nR2Nb/a4Q==}

  '@xmldom/xmldom@0.9.8':
    resolution: {integrity: sha512-p96FSY54r+WJ50FIOsCOjyj/wavs8921hG5+kVMmZgKcvIKxMXHTrjNJvRgWa/zuX3B6t2lijLNFaOyuxUH+2A==}
    engines: {node: '>=14.6'}

  acorn@8.15.0:
    resolution: {integrity: sha512-NZyJarBfL7nWwIq+FDL6Zp/yHEhePMNnnJ0y3qfieCrmNvYct8uvtiV41UvlSe6apAfk0fY1FbWx+NwfmpvtTg==}
    engines: {node: '>=0.4.0'}
    hasBin: true

  buffer-from@1.1.2:
    resolution: {integrity: sha512-E+XQCRwSbaaiChtv6k6Dwgc+bx+Bs6vuKJHHl5kox/BaKbhiXzqQOwK4cO22yElGp2OCmjwVhT3HmxgyPGnJfQ==}

  commander@13.1.0:
    resolution: {integrity: sha512-/rFeCpNJQbhSZjGVwO9RFV3xPqbnERS8MmIQzCtD/zl6gpJuV/bMLuN92oG3F7d8oDEHHRrujSXNUr8fpjntKw==}
    engines: {node: '>=18'}

  commander@2.20.3:
    resolution: {integrity: sha512-GpVkmM8vF2vQUkj2LvZmD35JxeJOLCwJ9cUkugyk2nuhbv3+mJvpLYYt+0+USMxE+oj+ey/lJEnhZw75x/OMcQ==}

  commondir@1.0.1:
    resolution: {integrity: sha512-W9pAhw0ja1Edb5GVdIF1mjZw/ASI0AlShXM83UUGe2DVr5TdAPEA1OA8m/g8zWp9x6On7gqufY+FatDbC3MDQg==}

  deepmerge@4.3.1:
    resolution: {integrity: sha512-3sUqbMEc77XqpdNO7FRyRog+eW3ph+GYCbj+rK+uYyRMuwsVy0rMiVtPn+QJlKFvWP/1PYpapqYn0Me2knFn+A==}
    engines: {node: '>=0.10.0'}

  esm@3.2.25:
    resolution: {integrity: sha512-U1suiZ2oDVWv4zPO56S0NcR5QriEahGtdN2OR6FiOG4WJvcjBVFB0qI4+eKoWFH483PKGuLuu6V8Z4T5g63UVA==}
    engines: {node: '>=6'}

  estree-walker@2.0.2:
    resolution: {integrity: sha512-Rfkk/Mp/DL7JVje3u18FxFujQlTNR2q6QfMSMB7AvCBx91NGj/ba3kCfza0f6dVDbw7YlRf/nDrn7pQrCCyQ/w==}

  fdir@6.5.0:
    resolution: {integrity: sha512-tIbYtZbucOs0BRGqPJkshJUYdL+SDH7dVM8gjy+ERp3WAUjLEFJE+02kanyHtwjWOnwrKYBiwAmM0p4kLJAnXg==}
    engines: {node: '>=12.0.0'}
    peerDependencies:
      picomatch: ^3 || ^4
    peerDependenciesMeta:
      picomatch:
        optional: true

  fsevents@2.3.3:
    resolution: {integrity: sha512-5xoDfX+fL7faATnagmWPpbFtwh/R77WmMMqqHGS65C3vvB0YHrgF+B1YmZ3441tMj5n63k0212XNoJwzlhffQw==}
    engines: {node: ^8.16.0 || ^10.6.0 || >=11.0.0}
    os: [darwin]

  function-bind@1.1.2:
    resolution: {integrity: sha512-7XHNxH7qX9xG5mIwxkhumTox/MIRNcOgDrxWsMt2pAr23WHp6MrRlN7FBSFpCpr+oVO0F744iUgR82nJMfG2SA==}

  hasown@2.0.2:
    resolution: {integrity: sha512-0hJU9SCPvmMzIBdZFqNPXWa6dqh7WdH0cII9y+CyS8rG3nL48Bclra9HmKhVVUHyPWNH5Y7xDwAB7bfgSjkUMQ==}
    engines: {node: '>= 0.4'}

  is-core-module@2.16.1:
    resolution: {integrity: sha512-UfoeMA6fIJ8wTYFEUjelnaGI67v6+N7qXJEvQuIGa99l4xsCruSYOVSQ0uPANn4dAzm8lkYPaKLrrijLq7x23w==}
    engines: {node: '>= 0.4'}

  is-module@1.0.0:
    resolution: {integrity: sha512-51ypPSPCoTEIN9dy5Oy+h4pShgJmPCygKfyRCISBI+JoWT/2oJvK8QPxmwv7b/p239jXrm9M1mlQbyKJ5A152g==}

  is-reference@1.2.1:
    resolution: {integrity: sha512-U82MsXXiFIrjCK4otLT+o2NA2Cd2g5MLoOVXUZjIOhLurrRxpEXzI8O0KZHr3IjLvlAH1kTPYSuqer5T9ZVBKQ==}

  magic-string@0.30.19:
    resolution: {integrity: sha512-2N21sPY9Ws53PZvsEpVtNuSW+ScYbQdp4b9qUaL+9QkHUrGFKo56Lg9Emg5s9V/qrtNBmiR01sYhUOwu3H+VOw==}

  mathjax-full@3.2.2:
    resolution: {integrity: sha512-+LfG9Fik+OuI8SLwsiR02IVdjcnRCy5MufYLi0C3TdMT56L/pjB0alMVGgoWJF8pN9Rc7FESycZB9BMNWIid5w==}

  mhchemparser@4.2.1:
    resolution: {integrity: sha512-kYmyrCirqJf3zZ9t/0wGgRZ4/ZJw//VwaRVGA75C4nhE60vtnIzhl9J9ndkX/h6hxSN7pjg/cE0VxbnNM+bnDQ==}

  mj-context-menu@0.6.1:
    resolution: {integrity: sha512-7NO5s6n10TIV96d4g2uDpG7ZDpIhMh0QNfGdJw/W47JswFcosz457wqz/b5sAKvl12sxINGFCn80NZHKwxQEXA==}

  path-parse@1.0.7:
    resolution: {integrity: sha512-LDJzPVEEEPR+y48z93A0Ed0yXb8pAByGWo/k5YYdYgpY2/2EsOsksJrq7lOHxryrVOn1ejG6oAp8ahvOIQD8sw==}

  picomatch@4.0.3:
    resolution: {integrity: sha512-5gTmgEY/sqK6gFXLIsQNH19lWb4ebPDLA4SdLP7dsWkIXHWlG66oPuVvXSGFPppYZz8ZDZq0dYYrbHfBCVUb1Q==}
    engines: {node: '>=12'}

  randombytes@2.1.0:
    resolution: {integrity: sha512-vYl3iOX+4CKUWuxGi9Ukhie6fsqXqS9FE2Zaic4tNFD2N2QQaXOMFbuKK4QmDHC0JO6B1Zp41J0LpT0oR68amQ==}

  resolve@1.22.10:
    resolution: {integrity: sha512-NPRy+/ncIMeDlTAsuqwKIiferiawhefFJtkNSW0qZJEqMEb+qBt/77B/jGeeek+F0uOeN05CDa6HXbbIgtVX4w==}
    engines: {node: '>= 0.4'}
    hasBin: true

  rollup@4.52.2:
    resolution: {integrity: sha512-I25/2QgoROE1vYV+NQ1En9T9UFB9Cmfm2CJ83zZOlaDpvz29wGQSZXWKw7MiNXau7wYgB/T9fVIdIuEQ+KbiiA==}
    engines: {node: '>=18.0.0', npm: '>=8.0.0'}
    hasBin: true

  safe-buffer@5.2.1:
    resolution: {integrity: sha512-rp3So07KcdmmKbGvgaNxQSJr7bGVSVk5S9Eq1F+ppbRo70+YeaDxkw5Dd8NPN+GD6bjnYm2VuPuCXmpuYvmCXQ==}

  serialize-javascript@6.0.2:
    resolution: {integrity: sha512-Saa1xPByTTq2gdeFZYLLo+RFE35NHZkAbqZeWNd3BpzppeVisAqpDjcp8dyf6uIvEqJRd46jemmyA4iFIeVk8g==}

  smob@1.5.0:
    resolution: {integrity: sha512-g6T+p7QO8npa+/hNx9ohv1E5pVCmWrVCUzUXJyLdMmftX6ER0oiWY/w9knEonLpnOp6b6FenKnMfR8gqwWdwig==}

  source-map-support@0.5.21:
    resolution: {integrity: sha512-uBHU3L3czsIyYXKX88fdrGovxdSCoTGDRZ6SYXtSRxLZUzHg5P/66Ht6uoUlHu9EZod+inXhKo3qQgwXUT/y1w==}

  source-map@0.6.1:
    resolution: {integrity: sha512-UjgapumWlbMhkBgzT7Ykc5YXUT46F0iKu8SGXq0bcwP5dz/h0Plj6enJqjz1Zbq2l5WaqYnrVbwWOWMyF3F47g==}
    engines: {node: '>=0.10.0'}

  speech-rule-engine@4.1.2:
    resolution: {integrity: sha512-S6ji+flMEga+1QU79NDbwZ8Ivf0S/MpupQQiIC0rTpU/ZTKgcajijJJb1OcByBQDjrXCN1/DJtGz4ZJeBMPGJw==}
    hasBin: true

  supports-preserve-symlinks-flag@1.0.0:
    resolution: {integrity: sha512-ot0WnXS9fgdkgIcePe6RHNk1WA8+muPa6cSjeR3V8K27q9BB1rTE3R1p7Hv0z1ZyAc8s6Vvv8DIyWf681MAt0w==}
    engines: {node: '>= 0.4'}

  terser@5.44.0:
    resolution: {integrity: sha512-nIVck8DK+GM/0Frwd+nIhZ84pR/BX7rmXMfYwyg+Sri5oGVE99/E3KvXqpC2xHFxyqXyGHTKBSioxxplrO4I4w==}
    engines: {node: '>=10'}
    hasBin: true

  tslib@2.8.1:
    resolution: {integrity: sha512-oJFu94HQb+KVduSUQL7wnpmqnfmLsOA/nAh6b6EH0wCEoK0/mPeXU6c3wKDV83MkOuHPRHtSXKKU99IBazS/2w==}

  typescript@5.9.2:
    resolution: {integrity: sha512-CWBzXQrc/qOkhidw1OzBTQuYRbfyxDXJMVJ1XNwUHGROVmuaeiEm3OslpZ1RV96d7SKKjZKrSJu3+t/xlw3R9A==}
    engines: {node: '>=14.17'}
    hasBin: true

  wicked-good-xpath@1.3.0:
    resolution: {integrity: sha512-Gd9+TUn5nXdwj/hFsPVx5cuHHiF5Bwuc30jZ4+ronF1qHK5O7HD0sgmXWSEgwKquT3ClLoKPVbO6qGwVwLzvAw==}

snapshots:

  '@biomejs/biome@2.2.4':
    optionalDependencies:
      '@biomejs/cli-darwin-arm64': 2.2.4
      '@biomejs/cli-darwin-x64': 2.2.4
      '@biomejs/cli-linux-arm64': 2.2.4
      '@biomejs/cli-linux-arm64-musl': 2.2.4
      '@biomejs/cli-linux-x64': 2.2.4
      '@biomejs/cli-linux-x64-musl': 2.2.4
      '@biomejs/cli-win32-arm64': 2.2.4
      '@biomejs/cli-win32-x64': 2.2.4

  '@biomejs/cli-darwin-arm64@2.2.4':
    optional: true

  '@biomejs/cli-darwin-x64@2.2.4':
    optional: true

  '@biomejs/cli-linux-arm64-musl@2.2.4':
    optional: true

  '@biomejs/cli-linux-arm64@2.2.4':
    optional: true

  '@biomejs/cli-linux-x64-musl@2.2.4':
    optional: true

  '@biomejs/cli-linux-x64@2.2.4':
    optional: true

  '@biomejs/cli-win32-arm64@2.2.4':
    optional: true

  '@biomejs/cli-win32-x64@2.2.4':
    optional: true

  '@jridgewell/gen-mapping@0.3.13':
    dependencies:
      '@jridgewell/sourcemap-codec': 1.5.5
      '@jridgewell/trace-mapping': 0.3.31

  '@jridgewell/resolve-uri@3.1.2': {}

  '@jridgewell/source-map@0.3.11':
    dependencies:
      '@jridgewell/gen-mapping': 0.3.13
      '@jridgewell/trace-mapping': 0.3.31

  '@jridgewell/sourcemap-codec@1.5.5': {}

  '@jridgewell/trace-mapping@0.3.31':
    dependencies:
      '@jridgewell/resolve-uri': 3.1.2
      '@jridgewell/sourcemap-codec': 1.5.5

  '@rollup/plugin-commonjs@28.0.6(rollup@4.52.2)':
    dependencies:
      '@rollup/pluginutils': 5.3.0(rollup@4.52.2)
      commondir: 1.0.1
      estree-walker: 2.0.2
      fdir: 6.5.0(picomatch@4.0.3)
      is-reference: 1.2.1
      magic-string: 0.30.19
      picomatch: 4.0.3
    optionalDependencies:
      rollup: 4.52.2

  '@rollup/plugin-node-resolve@16.0.1(rollup@4.52.2)':
    dependencies:
      '@rollup/pluginutils': 5.3.0(rollup@4.52.2)
      '@types/resolve': 1.20.2
      deepmerge: 4.3.1
      is-module: 1.0.0
      resolve: 1.22.10
    optionalDependencies:
      rollup: 4.52.2

  '@rollup/plugin-terser@0.4.4(rollup@4.52.2)':
    dependencies:
      serialize-javascript: 6.0.2
      smob: 1.5.0
      terser: 5.44.0
    optionalDependencies:
      rollup: 4.52.2

  '@rollup/plugin-typescript@12.1.4(rollup@4.52.2)(tslib@2.8.1)(typescript@5.9.2)':
    dependencies:
      '@rollup/pluginutils': 5.3.0(rollup@4.52.2)
      resolve: 1.22.10
      typescript: 5.9.2
    optionalDependencies:
      rollup: 4.52.2
      tslib: 2.8.1

  '@rollup/pluginutils@5.3.0(rollup@4.52.2)':
    dependencies:
      '@types/estree': 1.0.8
      estree-walker: 2.0.2
      picomatch: 4.0.3
    optionalDependencies:
      rollup: 4.52.2

  '@rollup/rollup-android-arm-eabi@4.52.2':
    optional: true

  '@rollup/rollup-android-arm64@4.52.2':
    optional: true

  '@rollup/rollup-darwin-arm64@4.52.2':
    optional: true

  '@rollup/rollup-darwin-x64@4.52.2':
    optional: true

  '@rollup/rollup-freebsd-arm64@4.52.2':
    optional: true

  '@rollup/rollup-freebsd-x64@4.52.2':
    optional: true

  '@rollup/rollup-linux-arm-gnueabihf@4.52.2':
    optional: true

  '@rollup/rollup-linux-arm-musleabihf@4.52.2':
    optional: true

  '@rollup/rollup-linux-arm64-gnu@4.52.2':
    optional: true

  '@rollup/rollup-linux-arm64-musl@4.52.2':
    optional: true

  '@rollup/rollup-linux-loong64-gnu@4.52.2':
    optional: true

  '@rollup/rollup-linux-ppc64-gnu@4.52.2':
    optional: true

  '@rollup/rollup-linux-riscv64-gnu@4.52.2':
    optional: true

  '@rollup/rollup-linux-riscv64-musl@4.52.2':
    optional: true

  '@rollup/rollup-linux-s390x-gnu@4.52.2':
    optional: true

  '@rollup/rollup-linux-x64-gnu@4.52.2':
    optional: true

  '@rollup/rollup-linux-x64-musl@4.52.2':
    optional: true

  '@rollup/rollup-openharmony-arm64@4.52.2':
    optional: true

  '@rollup/rollup-win32-arm64-msvc@4.52.2':
    optional: true

  '@rollup/rollup-win32-ia32-msvc@4.52.2':
    optional: true

  '@rollup/rollup-win32-x64-gnu@4.52.2':
    optional: true

  '@rollup/rollup-win32-x64-msvc@4.52.2':
    optional: true

  '@types/estree@1.0.8': {}

  '@types/resolve@1.20.2': {}

  '@xmldom/xmldom@0.9.8': {}

  acorn@8.15.0: {}

  buffer-from@1.1.2: {}

  commander@13.1.0: {}

  commander@2.20.3: {}

  commondir@1.0.1: {}

  deepmerge@4.3.1: {}

  esm@3.2.25: {}

  estree-walker@2.0.2: {}

  fdir@6.5.0(picomatch@4.0.3):
    optionalDependencies:
      picomatch: 4.0.3

  fsevents@2.3.3:
    optional: true

  function-bind@1.1.2: {}

  hasown@2.0.2:
    dependencies:
      function-bind: 1.1.2

  is-core-module@2.16.1:
    dependencies:
      hasown: 2.0.2

  is-module@1.0.0: {}

  is-reference@1.2.1:
    dependencies:
      '@types/estree': 1.0.8

  magic-string@0.30.19:
    dependencies:
      '@jridgewell/sourcemap-codec': 1.5.5

  mathjax-full@3.2.2:
    dependencies:
      esm: 3.2.25
      mhchemparser: 4.2.1
      mj-context-menu: 0.6.1
      speech-rule-engine: 4.1.2

  mhchemparser@4.2.1: {}

  mj-context-menu@0.6.1: {}

  path-parse@1.0.7: {}

  picomatch@4.0.3: {}

  randombytes@2.1.0:
    dependencies:
      safe-buffer: 5.2.1

  resolve@1.22.10:
    dependencies:
      is-core-module: 2.16.1
      path-parse: 1.0.7
      supports-preserve-symlinks-flag: 1.0.0

  rollup@4.52.2:
    dependencies:
      '@types/estree': 1.0.8
    optionalDependencies:
      '@rollup/rollup-android-arm-eabi': 4.52.2
      '@rollup/rollup-android-arm64': 4.52.2
      '@rollup/rollup-darwin-arm64': 4.52.2
      '@rollup/rollup-darwin-x64': 4.52.2
      '@rollup/rollup-freebsd-arm64': 4.52.2
      '@rollup/rollup-freebsd-x64': 4.52.2
      '@rollup/rollup-linux-arm-gnueabihf': 4.52.2
      '@rollup/rollup-linux-arm-musleabihf': 4.52.2
      '@rollup/rollup-linux-arm64-gnu': 4.52.2
      '@rollup/rollup-linux-arm64-musl': 4.52.2
      '@rollup/rollup-linux-loong64-gnu': 4.52.2
      '@rollup/rollup-linux-ppc64-gnu': 4.52.2
      '@rollup/rollup-linux-riscv64-gnu': 4.52.2
      '@rollup/rollup-linux-riscv64-musl': 4.52.2
      '@rollup/rollup-linux-s390x-gnu': 4.52.2
      '@rollup/rollup-linux-x64-gnu': 4.52.2
      '@rollup/rollup-linux-x64-musl': 4.52.2
      '@rollup/rollup-openharmony-arm64': 4.52.2
      '@rollup/rollup-win32-arm64-msvc': 4.52.2
      '@rollup/rollup-win32-ia32-msvc': 4.52.2
      '@rollup/rollup-win32-x64-gnu': 4.52.2
      '@rollup/rollup-win32-x64-msvc': 4.52.2
      fsevents: 2.3.3

  safe-buffer@5.2.1: {}

  serialize-javascript@6.0.2:
    dependencies:
      randombytes: 2.1.0

  smob@1.5.0: {}

  source-map-support@0.5.21:
    dependencies:
      buffer-from: 1.1.2
      source-map: 0.6.1

  source-map@0.6.1: {}

  speech-rule-engine@4.1.2:
    dependencies:
      '@xmldom/xmldom': 0.9.8
      commander: 13.1.0
      wicked-good-xpath: 1.3.0

  supports-preserve-symlinks-flag@1.0.0: {}

  terser@5.44.0:
    dependencies:
      '@jridgewell/source-map': 0.3.11
      acorn: 8.15.0
      commander: 2.20.3
      source-map-support: 0.5.21

  tslib@2.8.1: {}

  typescript@5.9.2: {}

  wicked-good-xpath@1.3.0: {}
